
Microsoft Visual Studio Solution File, Format Version 12.00
# Visual Studio Version 17
VisualStudioVersion = 17.3.32825.248
MinimumVisualStudioVersion = 10.0.40219.1
Project("{FAE04EC0-301F-11D3-BF4B-00C04F79EFBC}") = "LAB3", "LAB4\LAB3.csproj", "{FEE8F995-397A-4F4E-902C-826A10041C01}"
EndProject
Global
	GlobalSection(SolutionConfigurationPlatforms) = preSolution
		Debug|Any CPU = Debug|Any CPU
		Release|Any CPU = Release|Any CPU
	EndGlobalSection
	GlobalSection(ProjectConfigurationPlatforms) = postSolution
		{FEE8F995-397A-4F4E-902C-826A10041C01}.Debug|Any CPU.ActiveCfg = Debug|Any CPU
		{FEE8F995-397A-4F4E-902C-826A10041C01}.Debug|Any CPU.Build.0 = Debug|Any CPU
		{FEE8F995-397A-4F4E-902C-826A10041C01}.Release|Any CPU.ActiveCfg = Release|Any CPU
		{FEE8F995-397A-4F4E-902C-826A10041C01}.Release|Any CPU.Build.0 = Release|Any CPU
	EndGlobalSection
	GlobalSection(SolutionProperties) = preSolution
		HideSolutionNode = FALSE
	EndGlobalSection
	GlobalSection(ExtensibilityGlobals) = postSolution
		SolutionGuid = {8EF124F9-7412-4931-A2A1-1811999AA275}
	EndGlobalSection
EndGlobal
